
Microsoft Visual Studio Solution File, Format Version 12.00
# Visual Studio Version 17
VisualStudioVersion = 17.2.32630.192
MinimumVisualStudioVersion = 10.0.40219.1
Project("{FAE04EC0-301F-11D3-BF4B-00C04F79EFBC}") = "KFV", "KFV.csproj", "{F178BE7F-E53A-497F-8EA6-ABF47127CF4A}"
EndProject
Global
	GlobalSection(SolutionConfigurationPlatforms) = preSolution
		Debug|Any CPU = Debug|Any CPU
		Release|Any CPU = Release|Any CPU
	EndGlobalSection
	GlobalSection(ProjectConfigurationPlatforms) = postSolution
		{F178BE7F-E53A-497F-8EA6-ABF47127CF4A}.Debug|Any CPU.ActiveCfg = Debug|Any CPU
		{F178BE7F-E53A-497F-8EA6-ABF47127CF4A}.Debug|Any CPU.Build.0 = Debug|Any CPU
		{F178BE7F-E53A-497F-8EA6-ABF47127CF4A}.Release|Any CPU.ActiveCfg = Release|Any CPU
		{F178BE7F-E53A-497F-8EA6-ABF47127CF4A}.Release|Any CPU.Build.0 = Release|Any CPU
	EndGlobalSection
	GlobalSection(SolutionProperties) = preSolution
		HideSolutionNode = FALSE
	EndGlobalSection
	GlobalSection(ExtensibilityGlobals) = postSolution
		SolutionGuid = {A313CD30-78EB-4267-A6D8-7EFE33C7C66C}
	EndGlobalSection
EndGlobal
